
Microsoft Visual Studio Solution File, Format Version 12.00
# Visual Studio Version 17
VisualStudioVersion = 17.0.31912.275
MinimumVisualStudioVersion = 10.0.40219.1
Project("{8BC9CEB8-8B4A-11D0-8D11-00A0C91BC942}") = "1101note", "1101note\1101note.vcxproj", "{1654DACD-1EC5-4FB5-BE46-E831E441AE1C}"
EndProject
Project("{8BC9CEB8-8B4A-11D0-8D11-00A0C91BC942}") = "1102note", "1102note\1102note.vcxproj", "{B22CCF37-2079-4A3B-9290-D0854BEB025A}"
EndProject
Project("{8BC9CEB8-8B4A-11D0-8D11-00A0C91BC942}") = "1103note", "1103note\1103note.vcxproj", "{68379E02-5ADE-4C3D-ACFE-27C411DE6AD7}"
EndProject
Project("{8BC9CEB8-8B4A-11D0-8D11-00A0C91BC942}") = "1104note", "1104note\1104note.vcxproj", "{CB786A7B-6FF4-461F-BD6C-FDA78553A22E}"
EndProject
Project("{8BC9CEB8-8B4A-11D0-8D11-00A0C91BC942}") = "1105note", "1105note\1105note.vcxproj", "{1A9534C0-4720-40FD-8278-56ED7501B952}"
EndProject
Project("{8BC9CEB8-8B4A-11D0-8D11-00A0C91BC942}") = "1106note", "1106note\1106note.vcxproj", "{C92C28D0-2FD7-47FD-98D0-1E8A45AE6F2E}"
EndProject
Project("{8BC9CEB8-8B4A-11D0-8D11-00A0C91BC942}") = "1107note", "1107note\1107note.vcxproj", "{2AFEFCBF-DB11-4AB5-AEEF-EAC46A0DA951}"
EndProject
Project("{8BC9CEB8-8B4A-11D0-8D11-00A0C91BC942}") = "1108note", "1108note\1108note.vcxproj", "{4EC33403-2D3A-455B-9304-8EC5CE3013DA}"
EndProject
Global
	GlobalSection(SolutionConfigurationPlatforms) = preSolution
		Debug|x64 = Debug|x64
		Debug|x86 = Debug|x86
		Release|x64 = Release|x64
		Release|x86 = Release|x86
	EndGlobalSection
	GlobalSection(ProjectConfigurationPlatforms) = postSolution
		{1654DACD-1EC5-4FB5-BE46-E831E441AE1C}.Debug|x64.ActiveCfg = Debug|x64
		{1654DACD-1EC5-4FB5-BE46-E831E441AE1C}.Debug|x64.Build.0 = Debug|x64
		{1654DACD-1EC5-4FB5-BE46-E831E441AE1C}.Debug|x86.ActiveCfg = Debug|Win32
		{1654DACD-1EC5-4FB5-BE46-E831E441AE1C}.Debug|x86.Build.0 = Debug|Win32
		{1654DACD-1EC5-4FB5-BE46-E831E441AE1C}.Release|x64.ActiveCfg = Release|x64
		{1654DACD-1EC5-4FB5-BE46-E831E441AE1C}.Release|x64.Build.0 = Release|x64
		{1654DACD-1EC5-4FB5-BE46-E831E441AE1C}.Release|x86.ActiveCfg = Release|Win32
		{1654DACD-1EC5-4FB5-BE46-E831E441AE1C}.Release|x86.Build.0 = Release|Win32
		{B22CCF37-2079-4A3B-9290-D0854BEB025A}.Debug|x64.ActiveCfg = Debug|x64
		{B22CCF37-2079-4A3B-9290-D0854BEB025A}.Debug|x64.Build.0 = Debug|x64
		{B22CCF37-2079-4A3B-9290-D0854BEB025A}.Debug|x86.ActiveCfg = Debug|Win32
		{B22CCF37-2079-4A3B-9290-D0854BEB025A}.Debug|x86.Build.0 = Debug|Win32
		{B22CCF37-2079-4A3B-9290-D0854BEB025A}.Release|x64.ActiveCfg = Release|x64
		{B22CCF37-2079-4A3B-9290-D0854BEB025A}.Release|x64.Build.0 = Release|x64
		{B22CCF37-2079-4A3B-9290-D0854BEB025A}.Release|x86.ActiveCfg = Release|Win32
		{B22CCF37-2079-4A3B-9290-D0854BEB025A}.Release|x86.Build.0 = Release|Win32
		{68379E02-5ADE-4C3D-ACFE-27C411DE6AD7}.Debug|x64.ActiveCfg = Debug|x64
		{68379E02-5ADE-4C3D-ACFE-27C411DE6AD7}.Debug|x64.Build.0 = Debug|x64
		{68379E02-5ADE-4C3D-ACFE-27C411DE6AD7}.Debug|x86.ActiveCfg = Debug|Win32
		{68379E02-5ADE-4C3D-ACFE-27C411DE6AD7}.Debug|x86.Build.0 = Debug|Win32
		{68379E02-5ADE-4C3D-ACFE-27C411DE6AD7}.Release|x64.ActiveCfg = Release|x64
		{68379E02-5ADE-4C3D-ACFE-27C411DE6AD7}.Release|x64.Build.0 = Release|x64
		{68379E02-5ADE-4C3D-ACFE-27C411DE6AD7}.Release|x86.ActiveCfg = Release|Win32
		{68379E02-5ADE-4C3D-ACFE-27C411DE6AD7}.Release|x86.Build.0 = Release|Win32
		{CB786A7B-6FF4-461F-BD6C-FDA78553A22E}.Debug|x64.ActiveCfg = Debug|x64
		{CB786A7B-6FF4-461F-BD6C-FDA78553A22E}.Debug|x64.Build.0 = Debug|x64
		{CB786A7B-6FF4-461F-BD6C-FDA78553A22E}.Debug|x86.ActiveCfg = Debug|Win32
		{CB786A7B-6FF4-461F-BD6C-FDA78553A22E}.Debug|x86.Build.0 = Debug|Win32
		{CB786A7B-6FF4-461F-BD6C-FDA78553A22E}.Release|x64.ActiveCfg = Release|x64
		{CB786A7B-6FF4-461F-BD6C-FDA78553A22E}.Release|x64.Build.0 = Release|x64
		{CB786A7B-6FF4-461F-BD6C-FDA78553A22E}.Release|x86.ActiveCfg = Release|Win32
		{CB786A7B-6FF4-461F-BD6C-FDA78553A22E}.Release|x86.Build.0 = Release|Win32
		{1A9534C0-4720-40FD-8278-56ED7501B952}.Debug|x64.ActiveCfg = Debug|x64
		{1A9534C0-4720-40FD-8278-56ED7501B952}.Debug|x64.Build.0 = Debug|x64
		{1A9534C0-4720-40FD-8278-56ED7501B952}.Debug|x86.ActiveCfg = Debug|Win32
		{1A9534C0-4720-40FD-8278-56ED7501B952}.Debug|x86.Build.0 = Debug|Win32
		{1A9534C0-4720-40FD-8278-56ED7501B952}.Release|x64.ActiveCfg = Release|x64
		{1A9534C0-4720-40FD-8278-56ED7501B952}.Release|x64.Build.0 = Release|x64
		{1A9534C0-4720-40FD-8278-56ED7501B952}.Release|x86.ActiveCfg = Release|Win32
		{1A9534C0-4720-40FD-8278-56ED7501B952}.Release|x86.Build.0 = Release|Win32
		{C92C28D0-2FD7-47FD-98D0-1E8A45AE6F2E}.Debug|x64.ActiveCfg = Debug|x64
		{C92C28D0-2FD7-47FD-98D0-1E8A45AE6F2E}.Debug|x64.Build.0 = Debug|x64
		{C92C28D0-2FD7-47FD-98D0-1E8A45AE6F2E}.Debug|x86.ActiveCfg = Debug|Win32
		{C92C28D0-2FD7-47FD-98D0-1E8A45AE6F2E}.Debug|x86.Build.0 = Debug|Win32
		{C92C28D0-2FD7-47FD-98D0-1E8A45AE6F2E}.Release|x64.ActiveCfg = Release|x64
		{C92C28D0-2FD7-47FD-98D0-1E8A45AE6F2E}.Release|x64.Build.0 = Release|x64
		{C92C28D0-2FD7-47FD-98D0-1E8A45AE6F2E}.Release|x86.ActiveCfg = Release|Win32
		{C92C28D0-2FD7-47FD-98D0-1E8A45AE6F2E}.Release|x86.Build.0 = Release|Win32
		{2AFEFCBF-DB11-4AB5-AEEF-EAC46A0DA951}.Debug|x64.ActiveCfg = Debug|x64
		{2AFEFCBF-DB11-4AB5-AEEF-EAC46A0DA951}.Debug|x64.Build.0 = Debug|x64
		{2AFEFCBF-DB11-4AB5-AEEF-EAC46A0DA951}.Debug|x86.ActiveCfg = Debug|Win32
		{2AFEFCBF-DB11-4AB5-AEEF-EAC46A0DA951}.Debug|x86.Build.0 = Debug|Win32
		{2AFEFCBF-DB11-4AB5-AEEF-EAC46A0DA951}.Release|x64.ActiveCfg = Release|x64
		{2AFEFCBF-DB11-4AB5-AEEF-EAC46A0DA951}.Release|x64.Build.0 = Release|x64
		{2AFEFCBF-DB11-4AB5-AEEF-EAC46A0DA951}.Release|x86.ActiveCfg = Release|Win32
		{2AFEFCBF-DB11-4AB5-AEEF-EAC46A0DA951}.Release|x86.Build.0 = Release|Win32
		{4EC33403-2D3A-455B-9304-8EC5CE3013DA}.Debug|x64.ActiveCfg = Debug|x64
		{4EC33403-2D3A-455B-9304-8EC5CE3013DA}.Debug|x64.Build.0 = Debug|x64
		{4EC33403-2D3A-455B-9304-8EC5CE3013DA}.Debug|x86.ActiveCfg = Debug|Win32
		{4EC33403-2D3A-455B-9304-8EC5CE3013DA}.Debug|x86.Build.0 = Debug|Win32
		{4EC33403-2D3A-455B-9304-8EC5CE3013DA}.Release|x64.ActiveCfg = Release|x64
		{4EC33403-2D3A-455B-9304-8EC5CE3013DA}.Release|x64.Build.0 = Release|x64
		{4EC33403-2D3A-455B-9304-8EC5CE3013DA}.Release|x86.ActiveCfg = Release|Win32
		{4EC33403-2D3A-455B-9304-8EC5CE3013DA}.Release|x86.Build.0 = Release|Win32
	EndGlobalSection
	GlobalSection(SolutionProperties) = preSolution
		HideSolutionNode = FALSE
	EndGlobalSection
	GlobalSection(ExtensibilityGlobals) = postSolution
		SolutionGuid = {A5C068D9-B74C-440A-89F0-F5E5F872E249}
	EndGlobalSection
EndGlobal
